
Microsoft Visual Studio Solution File, Format Version 12.00
# Visual Studio Version 17
VisualStudioVersion = 17.8.34322.80
MinimumVisualStudioVersion = 10.0.40219.1
Project("{FAE04EC0-301F-11D3-BF4B-00C04F79EFBC}") = "Conditional Statements", "Conditional Statements\Conditional Statements.csproj", "{DFAEFEEA-D8DC-4F36-B654-3AEB1F467542}"
EndProject
Project("{FAE04EC0-301F-11D3-BF4B-00C04F79EFBC}") = "Loops", "Loops\Loops.csproj", "{F705C018-1DAF-4ADB-A561-474122A8CABE}"
EndProject
Project("{FAE04EC0-301F-11D3-BF4B-00C04F79EFBC}") = "OOPS", "OOPS\OOPS.csproj", "{777AD560-346D-4530-8180-E410881D03EF}"
EndProject
Global
	GlobalSection(SolutionConfigurationPlatforms) = preSolution
		Debug|Any CPU = Debug|Any CPU
		Release|Any CPU = Release|Any CPU
	EndGlobalSection
	GlobalSection(ProjectConfigurationPlatforms) = postSolution
		{DFAEFEEA-D8DC-4F36-B654-3AEB1F467542}.Debug|Any CPU.ActiveCfg = Debug|Any CPU
		{DFAEFEEA-D8DC-4F36-B654-3AEB1F467542}.Debug|Any CPU.Build.0 = Debug|Any CPU
		{DFAEFEEA-D8DC-4F36-B654-3AEB1F467542}.Release|Any CPU.ActiveCfg = Release|Any CPU
		{DFAEFEEA-D8DC-4F36-B654-3AEB1F467542}.Release|Any CPU.Build.0 = Release|Any CPU
		{F705C018-1DAF-4ADB-A561-474122A8CABE}.Debug|Any CPU.ActiveCfg = Debug|Any CPU
		{F705C018-1DAF-4ADB-A561-474122A8CABE}.Debug|Any CPU.Build.0 = Debug|Any CPU
		{F705C018-1DAF-4ADB-A561-474122A8CABE}.Release|Any CPU.ActiveCfg = Release|Any CPU
		{F705C018-1DAF-4ADB-A561-474122A8CABE}.Release|Any CPU.Build.0 = Release|Any CPU
		{777AD560-346D-4530-8180-E410881D03EF}.Debug|Any CPU.ActiveCfg = Debug|Any CPU
		{777AD560-346D-4530-8180-E410881D03EF}.Debug|Any CPU.Build.0 = Debug|Any CPU
		{777AD560-346D-4530-8180-E410881D03EF}.Release|Any CPU.ActiveCfg = Release|Any CPU
		{777AD560-346D-4530-8180-E410881D03EF}.Release|Any CPU.Build.0 = Release|Any CPU
	EndGlobalSection
	GlobalSection(SolutionProperties) = preSolution
		HideSolutionNode = FALSE
	EndGlobalSection
	GlobalSection(ExtensibilityGlobals) = postSolution
		SolutionGuid = {FA9C91AC-804F-434F-A823-CA63D10B22B9}
	EndGlobalSection
EndGlobal
